
Microsoft Visual Studio Solution File, Format Version 12.00
# Visual Studio 15
VisualStudioVersion = 15.0.27428.2027
MinimumVisualStudioVersion = 10.0.40219.1
Project("{FAE04EC0-301F-11D3-BF4B-00C04F79EFBC}") = "MouseClick_x01", "MouseClick_x01\MouseClick_x01.csproj", "{56588E6E-336E-4109-9BDC-8D4321311A64}"
EndProject
Global
	GlobalSection(SolutionConfigurationPlatforms) = preSolution
		Debug|Any CPU = Debug|Any CPU
		Release|Any CPU = Release|Any CPU
	EndGlobalSection
	GlobalSection(ProjectConfigurationPlatforms) = postSolution
		{56588E6E-336E-4109-9BDC-8D4321311A64}.Debug|Any CPU.ActiveCfg = Debug|Any CPU
		{56588E6E-336E-4109-9BDC-8D4321311A64}.Debug|Any CPU.Build.0 = Debug|Any CPU
		{56588E6E-336E-4109-9BDC-8D4321311A64}.Release|Any CPU.ActiveCfg = Release|Any CPU
		{56588E6E-336E-4109-9BDC-8D4321311A64}.Release|Any CPU.Build.0 = Release|Any CPU
	EndGlobalSection
	GlobalSection(SolutionProperties) = preSolution
		HideSolutionNode = FALSE
	EndGlobalSection
	GlobalSection(ExtensibilityGlobals) = postSolution
		SolutionGuid = {163F0D7D-BBAD-4C91-9F88-26FDE1B74750}
	EndGlobalSection
EndGlobal
